
Microsoft Visual Studio Solution File, Format Version 12.00
# Visual Studio Version 17
VisualStudioVersion = 17.6.33829.357
MinimumVisualStudioVersion = 10.0.40219.1
Project("{FAE04EC0-301F-11D3-BF4B-00C04F79EFBC}") = "STC_TV_AutomatedTest", "STC_TV_AutomatedTest\STC_TV_AutomatedTest.csproj", "{2C0F017D-F975-4EC6-8D8F-32E1F0AED0BE}"
EndProject
Global
	GlobalSection(SolutionConfigurationPlatforms) = preSolution
		Debug|Any CPU = Debug|Any CPU
		Release|Any CPU = Release|Any CPU
	EndGlobalSection
	GlobalSection(ProjectConfigurationPlatforms) = postSolution
		{2C0F017D-F975-4EC6-8D8F-32E1F0AED0BE}.Debug|Any CPU.ActiveCfg = Debug|Any CPU
		{2C0F017D-F975-4EC6-8D8F-32E1F0AED0BE}.Debug|Any CPU.Build.0 = Debug|Any CPU
		{2C0F017D-F975-4EC6-8D8F-32E1F0AED0BE}.Release|Any CPU.ActiveCfg = Release|Any CPU
		{2C0F017D-F975-4EC6-8D8F-32E1F0AED0BE}.Release|Any CPU.Build.0 = Release|Any CPU
	EndGlobalSection
	GlobalSection(SolutionProperties) = preSolution
		HideSolutionNode = FALSE
	EndGlobalSection
	GlobalSection(ExtensibilityGlobals) = postSolution
		SolutionGuid = {EBFA7120-146F-4E81-B95B-65CDCE2E6DBB}
	EndGlobalSection
EndGlobal
